
Microsoft Visual Studio Solution File, Format Version 12.00
# Visual Studio Version 16
VisualStudioVersion = 16.0.31911.196
MinimumVisualStudioVersion = 10.0.40219.1
Project("{FAE04EC0-301F-11D3-BF4B-00C04F79EFBC}") = "angularWebApi", "angularWebApi\angularWebApi.csproj", "{88821621-7794-4565-A95A-80493680B5FC}"
EndProject
Global
	GlobalSection(SolutionConfigurationPlatforms) = preSolution
		Debug|Any CPU = Debug|Any CPU
		Release|Any CPU = Release|Any CPU
	EndGlobalSection
	GlobalSection(ProjectConfigurationPlatforms) = postSolution
		{88821621-7794-4565-A95A-80493680B5FC}.Debug|Any CPU.ActiveCfg = Debug|Any CPU
		{88821621-7794-4565-A95A-80493680B5FC}.Debug|Any CPU.Build.0 = Debug|Any CPU
		{88821621-7794-4565-A95A-80493680B5FC}.Release|Any CPU.ActiveCfg = Release|Any CPU
		{88821621-7794-4565-A95A-80493680B5FC}.Release|Any CPU.Build.0 = Release|Any CPU
	EndGlobalSection
	GlobalSection(SolutionProperties) = preSolution
		HideSolutionNode = FALSE
	EndGlobalSection
	GlobalSection(ExtensibilityGlobals) = postSolution
		SolutionGuid = {FB7BF4AF-8F9D-454F-B828-40094B201B53}
	EndGlobalSection
EndGlobal
